// !$*UTF8*$!
{
	archiveVersion = 1;
	classes = {
	};
	objectVersion = 56;
	objects = {

/* Begin PBXBuildFile section */
		B29AB4C82C15FDDD007B4069 /* TodoCoreDataExampleApp.swift in Sources */ = {isa = PBXBuildFile; fileRef = B29AB4C72C15FDDD007B4069 /* TodoCoreDataExampleApp.swift */; };
		B29AB4CA2C15FDDD007B4069 /* Persistence.swift in Sources */ = {isa = PBXBuildFile; fileRef = B29AB4C92C15FDDD007B4069 /* Persistence.swift */; };
		B29AB4CD2C15FDDD007B4069 /* TodoCoreDataExample.xcdatamodeld in Sources */ = {isa = PBXBuildFile; fileRef = B29AB4CB2C15FDDD007B4069 /* TodoCoreDataExample.xcdatamodeld */; };
		B29AB4CF2C15FDDD007B4069 /* ContentView.swift in Sources */ = {isa = PBXBuildFile; fileRef = B29AB4CE2C15FDDD007B4069 /* ContentView.swift */; };
		B29AB4D12C15FDDF007B4069 /* Assets.xcassets in Resources */ = {isa = PBXBuildFile; fileRef = B29AB4D02C15FDDF007B4069 /* Assets.xcassets */; };
		B29AB4D52C15FDDF007B4069 /* Preview Assets.xcassets in Resources */ = {isa = PBXBuildFile; fileRef = B29AB4D42C15FDDF007B4069 /* Preview Assets.xcassets */; };
		B29AB4DF2C15FDDF007B4069 /* TodoCoreDataExampleTests.swift in Sources */ = {isa = PBXBuildFile; fileRef = B29AB4DE2C15FDDF007B4069 /* TodoCoreDataExampleTests.swift */; };
		B29AB4E92C15FDDF007B4069 /* TodoCoreDataExampleUITests.swift in Sources */ = {isa = PBXBuildFile; fileRef = B29AB4E82C15FDDF007B4069 /* TodoCoreDataExampleUITests.swift */; };
		B29AB4EB2C15FDDF007B4069 /* TodoCoreDataExampleUITestsLaunchTests.swift in Sources */ = {isa = PBXBuildFile; fileRef = B29AB4EA2C15FDDF007B4069 /* TodoCoreDataExampleUITestsLaunchTests.swift */; };
		B29AB4FC2C160CD8007B4069 /* TodosView.swift in Sources */ = {isa = PBXBuildFile; fileRef = B29AB4FB2C160CD8007B4069 /* TodosView.swift */; };
/* End PBXBuildFile section */

/* Begin PBXContainerItemProxy section */
		B29AB4DB2C15FDDF007B4069 /* PBXContainerItemProxy */ = {
			isa = PBXContainerItemProxy;
			containerPortal = B29AB4BC2C15FDDD007B4069 /* Project object */;
			proxyType = 1;
			remoteGlobalIDString = B29AB4C32C15FDDD007B4069;
			remoteInfo = TodoCoreDataExample;
		};
		B29AB4E52C15FDDF007B4069 /* PBXContainerItemProxy */ = {
			isa = PBXContainerItemProxy;
			containerPortal = B29AB4BC2C15FDDD007B4069 /* Project object */;
			proxyType = 1;
			remoteGlobalIDString = B29AB4C32C15FDDD007B4069;
			remoteInfo = TodoCoreDataExample;
		};
/* End PBXContainerItemProxy section */

/* Begin PBXFileReference section */
		B29AB4C42C15FDDD007B4069 /* TodoCoreDataExample.app */ = {isa = PBXFileReference; explicitFileType = wrapper.application; includeInIndex = 0; path = TodoCoreDataExample.app; sourceTree = BUILT_PRODUCTS_DIR; };
		B29AB4C72C15FDDD007B4069 /* TodoCoreDataExampleApp.swift */ = {isa = PBXFileReference; lastKnownFileType = sourcecode.swift; path = TodoCoreDataExampleApp.swift; sourceTree = "<group>"; };
		B29AB4C92C15FDDD007B4069 /* Persistence.swift */ = {isa = PBXFileReference; lastKnownFileType = sourcecode.swift; path = Persistence.swift; sourceTree = "<group>"; };
		B29AB4CC2C15FDDD007B4069 /* TodoCoreDataExample.xcdatamodel */ = {isa = PBXFileReference; lastKnownFileType = wrapper.xcdatamodel; path = TodoCoreDataExample.xcdatamodel; sourceTree = "<group>"; };
		B29AB4CE2C15FDDD007B4069 /* ContentView.swift */ = {isa = PBXFileReference; lastKnownFileType = sourcecode.swift; path = ContentView.swift; sourceTree = "<group>"; };
		B29AB4D02C15FDDF007B4069 /* Assets.xcassets */ = {isa = PBXFileReference; lastKnownFileType = folder.assetcatalog; path = Assets.xcassets; sourceTree = "<group>"; };
		B29AB4D22C15FDDF007B4069 /* TodoCoreDataExample.entitlements */ = {isa = PBXFileReference; lastKnownFileType = text.plist.entitlements; path = TodoCoreDataExample.entitlements; sourceTree = "<group>"; };
		B29AB4D42C15FDDF007B4069 /* Preview Assets.xcassets */ = {isa = PBXFileReference; lastKnownFileType = folder.assetcatalog; path = "Preview Assets.xcassets"; sourceTree = "<group>"; };
		B29AB4DA2C15FDDF007B4069 /* TodoCoreDataExampleTests.xctest */ = {isa = PBXFileReference; explicitFileType = wrapper.cfbundle; includeInIndex = 0; path = TodoCoreDataExampleTests.xctest; sourceTree = BUILT_PRODUCTS_DIR; };
		B29AB4DE2C15FDDF007B4069 /* TodoCoreDataExampleTests.swift */ = {isa = PBXFileReference; lastKnownFileType = sourcecode.swift; path = TodoCoreDataExampleTests.swift; sourceTree = "<group>"; };
		B29AB4E42C15FDDF007B4069 /* TodoCoreDataExampleUITests.xctest */ = {isa = PBXFileReference; explicitFileType = wrapper.cfbundle; includeInIndex = 0; path = TodoCoreDataExampleUITests.xctest; sourceTree = BUILT_PRODUCTS_DIR; };
		B29AB4E82C15FDDF007B4069 /* TodoCoreDataExampleUITests.swift */ = {isa = PBXFileReference; lastKnownFileType = sourcecode.swift; path = TodoCoreDataExampleUITests.swift; sourceTree = "<group>"; };
		B29AB4EA2C15FDDF007B4069 /* TodoCoreDataExampleUITestsLaunchTests.swift */ = {isa = PBXFileReference; lastKnownFileType = sourcecode.swift; path = TodoCoreDataExampleUITestsLaunchTests.swift; sourceTree = "<group>"; };
		B29AB4FB2C160CD8007B4069 /* TodosView.swift */ = {isa = PBXFileReference; lastKnownFileType = sourcecode.swift; path = TodosView.swift; sourceTree = "<group>"; };
/* End PBXFileReference section */

/* Begin PBXFrameworksBuildPhase section */
		B29AB4C12C15FDDD007B4069 /* Frameworks */ = {
			isa = PBXFrameworksBuildPhase;
			buildActionMask = 2147483647;
			files = (
			);
			runOnlyForDeploymentPostprocessing = 0;
		};
		B29AB4D72C15FDDF007B4069 /* Frameworks */ = {
			isa = PBXFrameworksBuildPhase;
			buildActionMask = 2147483647;
			files = (
			);
			runOnlyForDeploymentPostprocessing = 0;
		};
		B29AB4E12C15FDDF007B4069 /* Frameworks */ = {
			isa = PBXFrameworksBuildPhase;
			buildActionMask = 2147483647;
			files = (
			);
			runOnlyForDeploymentPostprocessing = 0;
		};
/* End PBXFrameworksBuildPhase section */

/* Begin PBXGroup section */
		B29AB4BB2C15FDDD007B4069 = {
			isa = PBXGroup;
			children = (
				B29AB4C62C15FDDD007B4069 /* TodoCoreDataExample */,
				B29AB4DD2C15FDDF007B4069 /* TodoCoreDataExampleTests */,
				B29AB4E72C15FDDF007B4069 /* TodoCoreDataExampleUITests */,
				B29AB4C52C15FDDD007B4069 /* Products */,
			);
			sourceTree = "<group>";
		};
		B29AB4C52C15FDDD007B4069 /* Products */ = {
			isa = PBXGroup;
			children = (
				B29AB4C42C15FDDD007B4069 /* TodoCoreDataExample.app */,
				B29AB4DA2C15FDDF007B4069 /* TodoCoreDataExampleTests.xctest */,
				B29AB4E42C15FDDF007B4069 /* TodoCoreDataExampleUITests.xctest */,
			);
			name = Products;
			sourceTree = "<group>";
		};
		B29AB4C62C15FDDD007B4069 /* TodoCoreDataExample */ = {
			isa = PBXGroup;
			children = (
				B29AB4C72C15FDDD007B4069 /* TodoCoreDataExampleApp.swift */,
				B29AB4C92C15FDDD007B4069 /* Persistence.swift */,
				B29AB4CE2C15FDDD007B4069 /* ContentView.swift */,
				B29AB4D02C15FDDF007B4069 /* Assets.xcassets */,
				B29AB4D22C15FDDF007B4069 /* TodoCoreDataExample.entitlements */,
				B29AB4CB2C15FDDD007B4069 /* TodoCoreDataExample.xcdatamodeld */,
				B29AB4D32C15FDDF007B4069 /* Preview Content */,
				B29AB4FB2C160CD8007B4069 /* TodosView.swift */,
			);
			path = TodoCoreDataExample;
			sourceTree = "<group>";
		};
		B29AB4D32C15FDDF007B4069 /* Preview Content */ = {
			isa = PBXGroup;
			children = (
				B29AB4D42C15FDDF007B4069 /* Preview Assets.xcassets */,
			);
			path = "Preview Content";
			sourceTree = "<group>";
		};
		B29AB4DD2C15FDDF007B4069 /* TodoCoreDataExampleTests */ = {
			isa = PBXGroup;
			children = (
				B29AB4DE2C15FDDF007B4069 /* TodoCoreDataExampleTests.swift */,
			);
			path = TodoCoreDataExampleTests;
			sourceTree = "<group>";
		};
		B29AB4E72C15FDDF007B4069 /* TodoCoreDataExampleUITests */ = {
			isa = PBXGroup;
			children = (
				B29AB4E82C15FDDF007B4069 /* TodoCoreDataExampleUITests.swift */,
				B29AB4EA2C15FDDF007B4069 /* TodoCoreDataExampleUITestsLaunchTests.swift */,
			);
			path = TodoCoreDataExampleUITests;
			sourceTree = "<group>";
		};
/* End PBXGroup section */

/* Begin PBXNativeTarget section */
		B29AB4C32C15FDDD007B4069 /* TodoCoreDataExample */ = {
			isa = PBXNativeTarget;
			buildConfigurationList = B29AB4EE2C15FDDF007B4069 /* Build configuration list for PBXNativeTarget "TodoCoreDataExample" */;
			buildPhases = (
				B29AB4C02C15FDDD007B4069 /* Sources */,
				B29AB4C12C15FDDD007B4069 /* Frameworks */,
				B29AB4C22C15FDDD007B4069 /* Resources */,
			);
			buildRules = (
			);
			dependencies = (
			);
			name = TodoCoreDataExample;
			productName = TodoCoreDataExample;
			productReference = B29AB4C42C15FDDD007B4069 /* TodoCoreDataExample.app */;
			productType = "com.apple.product-type.application";
		};
		B29AB4D92C15FDDF007B4069 /* TodoCoreDataExampleTests */ = {
			isa = PBXNativeTarget;
			buildConfigurationList = B29AB4F12C15FDDF007B4069 /* Build configuration list for PBXNativeTarget "TodoCoreDataExampleTests" */;
			buildPhases = (
				B29AB4D62C15FDDF007B4069 /* Sources */,
				B29AB4D72C15FDDF007B4069 /* Frameworks */,
				B29AB4D82C15FDDF007B4069 /* Resources */,
			);
			buildRules = (
			);
			dependencies = (
				B29AB4DC2C15FDDF007B4069 /* PBXTargetDependency */,
			);
			name = TodoCoreDataExampleTests;
			productName = TodoCoreDataExampleTests;
			productReference = B29AB4DA2C15FDDF007B4069 /* TodoCoreDataExampleTests.xctest */;
			productType = "com.apple.product-type.bundle.unit-test";
		};
		B29AB4E32C15FDDF007B4069 /* TodoCoreDataExampleUITests */ = {
			isa = PBXNativeTarget;
			buildConfigurationList = B29AB4F42C15FDDF007B4069 /* Build configuration list for PBXNativeTarget "TodoCoreDataExampleUITests" */;
			buildPhases = (
				B29AB4E02C15FDDF007B4069 /* Sources */,
				B29AB4E12C15FDDF007B4069 /* Frameworks */,
				B29AB4E22C15FDDF007B4069 /* Resources */,
			);
			buildRules = (
			);
			dependencies = (
				B29AB4E62C15FDDF007B4069 /* PBXTargetDependency */,
			);
			name = TodoCoreDataExampleUITests;
			productName = TodoCoreDataExampleUITests;
			productReference = B29AB4E42C15FDDF007B4069 /* TodoCoreDataExampleUITests.xctest */;
			productType = "com.apple.product-type.bundle.ui-testing";
		};
/* End PBXNativeTarget section */

/* Begin PBXProject section */
		B29AB4BC2C15FDDD007B4069 /* Project object */ = {
			isa = PBXProject;
			attributes = {
				BuildIndependentTargetsInParallel = 1;
				LastSwiftUpdateCheck = 1510;
				LastUpgradeCheck = 1510;
				TargetAttributes = {
					B29AB4C32C15FDDD007B4069 = {
						CreatedOnToolsVersion = 15.1;
					};
					B29AB4D92C15FDDF007B4069 = {
						CreatedOnToolsVersion = 15.1;
						TestTargetID = B29AB4C32C15FDDD007B4069;
					};
					B29AB4E32C15FDDF007B4069 = {
						CreatedOnToolsVersion = 15.1;
						TestTargetID = B29AB4C32C15FDDD007B4069;
					};
				};
			};
			buildConfigurationList = B29AB4BF2C15FDDD007B4069 /* Build configuration list for PBXProject "TodoCoreDataExample" */;
			compatibilityVersion = "Xcode 14.0";
			developmentRegion = en;
			hasScannedForEncodings = 0;
			knownRegions = (
				en,
				Base,
			);
			mainGroup = B29AB4BB2C15FDDD007B4069;
			productRefGroup = B29AB4C52C15FDDD007B4069 /* Products */;
			projectDirPath = "";
			projectRoot = "";
			targets = (
				B29AB4C32C15FDDD007B4069 /* TodoCoreDataExample */,
				B29AB4D92C15FDDF007B4069 /* TodoCoreDataExampleTests */,
				B29AB4E32C15FDDF007B4069 /* TodoCoreDataExampleUITests */,
			);
		};
/* End PBXProject section */

/* Begin PBXResourcesBuildPhase section */
		B29AB4C22C15FDDD007B4069 /* Resources */ = {
			isa = PBXResourcesBuildPhase;
			buildActionMask = 2147483647;
			files = (
				B29AB4D52C15FDDF007B4069 /* Preview Assets.xcassets in Resources */,
				B29AB4D12C15FDDF007B4069 /* Assets.xcassets in Resources */,
			);
			runOnlyForDeploymentPostprocessing = 0;
		};
		B29AB4D82C15FDDF007B4069 /* Resources */ = {
			isa = PBXResourcesBuildPhase;
			buildActionMask = 2147483647;
			files = (
			);
			runOnlyForDeploymentPostprocessing = 0;
		};
		B29AB4E22C15FDDF007B4069 /* Resources */ = {
			isa = PBXResourcesBuildPhase;
			buildActionMask = 2147483647;
			files = (
			);
			runOnlyForDeploymentPostprocessing = 0;
		};
/* End PBXResourcesBuildPhase section */

/* Begin PBXSourcesBuildPhase section */
		B29AB4C02C15FDDD007B4069 /* Sources */ = {
			isa = PBXSourcesBuildPhase;
			buildActionMask = 2147483647;
			files = (
				B29AB4C82C15FDDD007B4069 /* TodoCoreDataExampleApp.swift in Sources */,
				B29AB4CA2C15FDDD007B4069 /* Persistence.swift in Sources */,
				B29AB4FC2C160CD8007B4069 /* TodosView.swift in Sources */,
				B29AB4CF2C15FDDD007B4069 /* ContentView.swift in Sources */,
				B29AB4CD2C15FDDD007B4069 /* TodoCoreDataExample.xcdatamodeld in Sources */,
			);
			runOnlyForDeploymentPostprocessing = 0;
		};
		B29AB4D62C15FDDF007B4069 /* Sources */ = {
			isa = PBXSourcesBuildPhase;
			buildActionMask = 2147483647;
			files = (
				B29AB4DF2C15FDDF007B4069 /* TodoCoreDataExampleTests.swift in Sources */,
			);
			runOnlyForDeploymentPostprocessing = 0;
		};
		B29AB4E02C15FDDF007B4069 /* Sources */ = {
			isa = PBXSourcesBuildPhase;
			buildActionMask = 2147483647;
			files = (
				B29AB4EB2C15FDDF007B4069 /* TodoCoreDataExampleUITestsLaunchTests.swift in Sources */,
				B29AB4E92C15FDDF007B4069 /* TodoCoreDataExampleUITests.swift in Sources */,
			);
			runOnlyForDeploymentPostprocessing = 0;
		};
/* End PBXSourcesBuildPhase section */

/* Begin PBXTargetDependency section */
		B29AB4DC2C15FDDF007B4069 /* PBXTargetDependency */ = {
			isa = PBXTargetDependency;
			target = B29AB4C32C15FDDD007B4069 /* TodoCoreDataExample */;
			targetProxy = B29AB4DB2C15FDDF007B4069 /* PBXContainerItemProxy */;
		};
		B29AB4E62C15FDDF007B4069 /* PBXTargetDependency */ = {
			isa = PBXTargetDependency;
			target = B29AB4C32C15FDDD007B4069 /* TodoCoreDataExample */;
			targetProxy = B29AB4E52C15FDDF007B4069 /* PBXContainerItemProxy */;
		};
/* End PBXTargetDependency section */

/* Begin XCBuildConfiguration section */
		B29AB4EC2C15FDDF007B4069 /* Debug */ = {
			isa = XCBuildConfiguration;
			buildSettings = {
				ALWAYS_SEARCH_USER_PATHS = NO;
				ASSETCATALOG_COMPILER_GENERATE_SWIFT_ASSET_SYMBOL_EXTENSIONS = YES;
				CLANG_ANALYZER_NONNULL = YES;
				CLANG_ANALYZER_NUMBER_OBJECT_CONVERSION = YES_AGGRESSIVE;
				CLANG_CXX_LANGUAGE_STANDARD = "gnu++20";
				CLANG_ENABLE_MODULES = YES;
				CLANG_ENABLE_OBJC_ARC = YES;
				CLANG_ENABLE_OBJC_WEAK = YES;
				CLANG_WARN_BLOCK_CAPTURE_AUTORELEASING = YES;
				CLANG_WARN_BOOL_CONVERSION = YES;
				CLANG_WARN_COMMA = YES;
				CLANG_WARN_CONSTANT_CONVERSION = YES;
				CLANG_WARN_DEPRECATED_OBJC_IMPLEMENTATIONS = YES;
				CLANG_WARN_DIRECT_OBJC_ISA_USAGE = YES_ERROR;
				CLANG_WARN_DOCUMENTATION_COMMENTS = YES;
				CLANG_WARN_EMPTY_BODY = YES;
				CLANG_WARN_ENUM_CONVERSION = YES;
				CLANG_WARN_INFINITE_RECURSION = YES;
				CLANG_WARN_INT_CONVERSION = YES;
				CLANG_WARN_NON_LITERAL_NULL_CONVERSION = YES;
				CLANG_WARN_OBJC_IMPLICIT_RETAIN_SELF = YES;
				CLANG_WARN_OBJC_LITERAL_CONVERSION = YES;
				CLANG_WARN_OBJC_ROOT_CLASS = YES_ERROR;
				CLANG_WARN_QUOTED_INCLUDE_IN_FRAMEWORK_HEADER = YES;
				CLANG_WARN_RANGE_LOOP_ANALYSIS = YES;
				CLANG_WARN_STRICT_PROTOTYPES = YES;
				CLANG_WARN_SUSPICIOUS_MOVE = YES;
				CLANG_WARN_UNGUARDED_AVAILABILITY = YES_AGGRESSIVE;
				CLANG_WARN_UNREACHABLE_CODE = YES;
				CLANG_WARN__DUPLICATE_METHOD_MATCH = YES;
				COPY_PHASE_STRIP = NO;
				DEBUG_INFORMATION_FORMAT = dwarf;
				ENABLE_STRICT_OBJC_MSGSEND = YES;
				ENABLE_TESTABILITY = YES;
				ENABLE_USER_SCRIPT_SANDBOXING = YES;
				GCC_C_LANGUAGE_STANDARD = gnu17;
				GCC_DYNAMIC_NO_PIC = NO;
				GCC_NO_COMMON_BLOCKS = YES;
				GCC_OPTIMIZATION_LEVEL = 0;
				GCC_PREPROCESSOR_DEFINITIONS = (
					"DEBUG=1",
					"$(inherited)",
				);
				GCC_WARN_64_TO_32_BIT_CONVERSION = YES;
				GCC_WARN_ABOUT_RETURN_TYPE = YES_ERROR;
				GCC_WARN_UNDECLARED_SELECTOR = YES;
				GCC_WARN_UNINITIALIZED_AUTOS = YES_AGGRESSIVE;
				GCC_WARN_UNUSED_FUNCTION = YES;
				GCC_WARN_UNUSED_VARIABLE = YES;
				LOCALIZATION_PREFERS_STRING_CATALOGS = YES;
				MTL_ENABLE_DEBUG_INFO = INCLUDE_SOURCE;
				MTL_FAST_MATH = YES;
				ONLY_ACTIVE_ARCH = YES;
				SWIFT_ACTIVE_COMPILATION_CONDITIONS = "DEBUG $(inherited)";
				SWIFT_OPTIMIZATION_LEVEL = "-Onone";
			};
			name = Debug;
		};
		B29AB4ED2C15FDDF007B4069 /* Release */ = {
			isa = XCBuildConfiguration;
			buildSettings = {
				ALWAYS_SEARCH_USER_PATHS = NO;
				ASSETCATALOG_COMPILER_GENERATE_SWIFT_ASSET_SYMBOL_EXTENSIONS = YES;
				CLANG_ANALYZER_NONNULL = YES;
				CLANG_ANALYZER_NUMBER_OBJECT_CONVERSION = YES_AGGRESSIVE;
				CLANG_CXX_LANGUAGE_STANDARD = "gnu++20";
				CLANG_ENABLE_MODULES = YES;
				CLANG_ENABLE_OBJC_ARC = YES;
				CLANG_ENABLE_OBJC_WEAK = YES;
				CLANG_WARN_BLOCK_CAPTURE_AUTORELEASING = YES;
				CLANG_WARN_BOOL_CONVERSION = YES;
				CLANG_WARN_COMMA = YES;
				CLANG_WARN_CONSTANT_CONVERSION = YES;
				CLANG_WARN_DEPRECATED_OBJC_IMPLEMENTATIONS = YES;
				CLANG_WARN_DIRECT_OBJC_ISA_USAGE = YES_ERROR;
				CLANG_WARN_DOCUMENTATION_COMMENTS = YES;
				CLANG_WARN_EMPTY_BODY = YES;
				CLANG_WARN_ENUM_CONVERSION = YES;
				CLANG_WARN_INFINITE_RECURSION = YES;
				CLANG_WARN_INT_CONVERSION = YES;
				CLANG_WARN_NON_LITERAL_NULL_CONVERSION = YES;
				CLANG_WARN_OBJC_IMPLICIT_RETAIN_SELF = YES;
				CLANG_WARN_OBJC_LITERAL_CONVERSION = YES;
				CLANG_WARN_OBJC_ROOT_CLASS = YES_ERROR;
				CLANG_WARN_QUOTED_INCLUDE_IN_FRAMEWORK_HEADER = YES;
				CLANG_WARN_RANGE_LOOP_ANALYSIS = YES;
				CLANG_WARN_STRICT_PROTOTYPES = YES;
				CLANG_WARN_SUSPICIOUS_MOVE = YES;
				CLANG_WARN_UNGUARDED_AVAILABILITY = YES_AGGRESSIVE;
				CLANG_WARN_UNREACHABLE_CODE = YES;
				CLANG_WARN__DUPLICATE_METHOD_MATCH = YES;
				COPY_PHASE_STRIP = NO;
				DEBUG_INFORMATION_FORMAT = "dwarf-with-dsym";
				ENABLE_NS_ASSERTIONS = NO;
				ENABLE_STRICT_OBJC_MSGSEND = YES;
				ENABLE_USER_SCRIPT_SANDBOXING = YES;
				GCC_C_LANGUAGE_STANDARD = gnu17;
				GCC_NO_COMMON_BLOCKS = YES;
				GCC_WARN_64_TO_32_BIT_CONVERSION = YES;
				GCC_WARN_ABOUT_RETURN_TYPE = YES_ERROR;
				GCC_WARN_UNDECLARED_SELECTOR = YES;
				GCC_WARN_UNINITIALIZED_AUTOS = YES_AGGRESSIVE;
				GCC_WARN_UNUSED_FUNCTION = YES;
				GCC_WARN_UNUSED_VARIABLE = YES;
				LOCALIZATION_PREFERS_STRING_CATALOGS = YES;
				MTL_ENABLE_DEBUG_INFO = NO;
				MTL_FAST_MATH = YES;
				SWIFT_COMPILATION_MODE = wholemodule;
			};
			name = Release;
		};
		B29AB4EF2C15FDDF007B4069 /* Debug */ = {
			isa = XCBuildConfiguration;
			buildSettings = {
				ASSETCATALOG_COMPILER_APPICON_NAME = AppIcon;
				ASSETCATALOG_COMPILER_GLOBAL_ACCENT_COLOR_NAME = AccentColor;
				CODE_SIGN_ENTITLEMENTS = TodoCoreDataExample/TodoCoreDataExample.entitlements;
				CODE_SIGN_STYLE = Automatic;
				CURRENT_PROJECT_VERSION = 1;
				DEVELOPMENT_ASSET_PATHS = "\"TodoCoreDataExample/Preview Content\"";
				DEVELOPMENT_TEAM = 6AABZ45T5H;
				ENABLE_HARDENED_RUNTIME = YES;
				ENABLE_PREVIEWS = YES;
				GENERATE_INFOPLIST_FILE = YES;
				"INFOPLIST_KEY_UIApplicationSceneManifest_Generation[sdk=iphoneos*]" = YES;
				"INFOPLIST_KEY_UIApplicationSceneManifest_Generation[sdk=iphonesimulator*]" = YES;
				"INFOPLIST_KEY_UIApplicationSupportsIndirectInputEvents[sdk=iphoneos*]" = YES;
				"INFOPLIST_KEY_UIApplicationSupportsIndirectInputEvents[sdk=iphonesimulator*]" = YES;
				"INFOPLIST_KEY_UILaunchScreen_Generation[sdk=iphoneos*]" = YES;
				"INFOPLIST_KEY_UILaunchScreen_Generation[sdk=iphonesimulator*]" = YES;
				"INFOPLIST_KEY_UIStatusBarStyle[sdk=iphoneos*]" = UIStatusBarStyleDefault;
				"INFOPLIST_KEY_UIStatusBarStyle[sdk=iphonesimulator*]" = UIStatusBarStyleDefault;
				INFOPLIST_KEY_UISupportedInterfaceOrientations_iPad = "UIInterfaceOrientationPortrait UIInterfaceOrientationPortraitUpsideDown UIInterfaceOrientationLandscapeLeft UIInterfaceOrientationLandscapeRight";
				INFOPLIST_KEY_UISupportedInterfaceOrientations_iPhone = "UIInterfaceOrientationPortrait UIInterfaceOrientationLandscapeLeft UIInterfaceOrientationLandscapeRight";
				IPHONEOS_DEPLOYMENT_TARGET = 17.2;
				LD_RUNPATH_SEARCH_PATHS = "@executable_path/Frameworks";
				"LD_RUNPATH_SEARCH_PATHS[sdk=macosx*]" = "@executable_path/../Frameworks";
				MACOSX_DEPLOYMENT_TARGET = 14.2;
				MARKETING_VERSION = 1.0;
				PRODUCT_BUNDLE_IDENTIFIER = design.subcreation.TodoCoreDataExample;
				PRODUCT_NAME = "$(TARGET_NAME)";
				SDKROOT = auto;
				SUPPORTED_PLATFORMS = "iphoneos iphonesimulator macosx";
				SWIFT_EMIT_LOC_STRINGS = YES;
				SWIFT_VERSION = 5.0;
				TARGETED_DEVICE_FAMILY = "1,2";
			};
			name = Debug;
		};
		B29AB4F02C15FDDF007B4069 /* Release */ = {
			isa = XCBuildConfiguration;
			buildSettings = {
				ASSETCATALOG_COMPILER_APPICON_NAME = AppIcon;
				ASSETCATALOG_COMPILER_GLOBAL_ACCENT_COLOR_NAME = AccentColor;
				CODE_SIGN_ENTITLEMENTS = TodoCoreDataExample/TodoCoreDataExample.entitlements;
				CODE_SIGN_STYLE = Automatic;
				CURRENT_PROJECT_VERSION = 1;
				DEVELOPMENT_ASSET_PATHS = "\"TodoCoreDataExample/Preview Content\"";
				DEVELOPMENT_TEAM = 6AABZ45T5H;
				ENABLE_HARDENED_RUNTIME = YES;
				ENABLE_PREVIEWS = YES;
				GENERATE_INFOPLIST_FILE = YES;
				"INFOPLIST_KEY_UIApplicationSceneManifest_Generation[sdk=iphoneos*]" = YES;
				"INFOPLIST_KEY_UIApplicationSceneManifest_Generation[sdk=iphonesimulator*]" = YES;
				"INFOPLIST_KEY_UIApplicationSupportsIndirectInputEvents[sdk=iphoneos*]" = YES;
				"INFOPLIST_KEY_UIApplicationSupportsIndirectInputEvents[sdk=iphonesimulator*]" = YES;
				"INFOPLIST_KEY_UILaunchScreen_Generation[sdk=iphoneos*]" = YES;
				"INFOPLIST_KEY_UILaunchScreen_Generation[sdk=iphonesimulator*]" = YES;
				"INFOPLIST_KEY_UIStatusBarStyle[sdk=iphoneos*]" = UIStatusBarStyleDefault;
				"INFOPLIST_KEY_UIStatusBarStyle[sdk=iphonesimulator*]" = UIStatusBarStyleDefault;
				INFOPLIST_KEY_UISupportedInterfaceOrientations_iPad = "UIInterfaceOrientationPortrait UIInterfaceOrientationPortraitUpsideDown UIInterfaceOrientationLandscapeLeft UIInterfaceOrientationLandscapeRight";
				INFOPLIST_KEY_UISupportedInterfaceOrientations_iPhone = "UIInterfaceOrientationPortrait UIInterfaceOrientationLandscapeLeft UIInterfaceOrientationLandscapeRight";
				IPHONEOS_DEPLOYMENT_TARGET = 17.2;
				LD_RUNPATH_SEARCH_PATHS = "@executable_path/Frameworks";
				"LD_RUNPATH_SEARCH_PATHS[sdk=macosx*]" = "@executable_path/../Frameworks";
				MACOSX_DEPLOYMENT_TARGET = 14.2;
				MARKETING_VERSION = 1.0;
				PRODUCT_BUNDLE_IDENTIFIER = design.subcreation.TodoCoreDataExample;
				PRODUCT_NAME = "$(TARGET_NAME)";
				SDKROOT = auto;
				SUPPORTED_PLATFORMS = "iphoneos iphonesimulator macosx";
				SWIFT_EMIT_LOC_STRINGS = YES;
				SWIFT_VERSION = 5.0;
				TARGETED_DEVICE_FAMILY = "1,2";
			};
			name = Release;
		};
		B29AB4F22C15FDDF007B4069 /* Debug */ = {
			isa = XCBuildConfiguration;
			buildSettings = {
				ALWAYS_EMBED_SWIFT_STANDARD_LIBRARIES = YES;
				BUNDLE_LOADER = "$(TEST_HOST)";
				CODE_SIGN_STYLE = Automatic;
				CURRENT_PROJECT_VERSION = 1;
				DEVELOPMENT_TEAM = 6AABZ45T5H;
				GENERATE_INFOPLIST_FILE = YES;
				IPHONEOS_DEPLOYMENT_TARGET = 17.2;
				MACOSX_DEPLOYMENT_TARGET = 14.2;
				MARKETING_VERSION = 1.0;
				PRODUCT_BUNDLE_IDENTIFIER = design.subcreation.TodoCoreDataExampleTests;
				PRODUCT_NAME = "$(TARGET_NAME)";
				SDKROOT = auto;
				SUPPORTED_PLATFORMS = "iphoneos iphonesimulator macosx";
				SWIFT_EMIT_LOC_STRINGS = NO;
				SWIFT_VERSION = 5.0;
				TARGETED_DEVICE_FAMILY = "1,2";
				TEST_HOST = "$(BUILT_PRODUCTS_DIR)/TodoCoreDataExample.app/$(BUNDLE_EXECUTABLE_FOLDER_PATH)/TodoCoreDataExample";
			};
			name = Debug;
		};
		B29AB4F32C15FDDF007B4069 /* Release */ = {
			isa = XCBuildConfiguration;
			buildSettings = {
				ALWAYS_EMBED_SWIFT_STANDARD_LIBRARIES = YES;
				BUNDLE_LOADER = "$(TEST_HOST)";
				CODE_SIGN_STYLE = Automatic;
				CURRENT_PROJECT_VERSION = 1;
				DEVELOPMENT_TEAM = 6AABZ45T5H;
				GENERATE_INFOPLIST_FILE = YES;
				IPHONEOS_DEPLOYMENT_TARGET = 17.2;
				MACOSX_DEPLOYMENT_TARGET = 14.2;
				MARKETING_VERSION = 1.0;
				PRODUCT_BUNDLE_IDENTIFIER = design.subcreation.TodoCoreDataExampleTests;
				PRODUCT_NAME = "$(TARGET_NAME)";
				SDKROOT = auto;
				SUPPORTED_PLATFORMS = "iphoneos iphonesimulator macosx";
				SWIFT_EMIT_LOC_STRINGS = NO;
				SWIFT_VERSION = 5.0;
				TARGETED_DEVICE_FAMILY = "1,2";
				TEST_HOST = "$(BUILT_PRODUCTS_DIR)/TodoCoreDataExample.app/$(BUNDLE_EXECUTABLE_FOLDER_PATH)/TodoCoreDataExample";
			};
			name = Release;
		};
		B29AB4F52C15FDDF007B4069 /* Debug */ = {
			isa = XCBuildConfiguration;
			buildSettings = {
				ALWAYS_EMBED_SWIFT_STANDARD_LIBRARIES = YES;
				CODE_SIGN_STYLE = Automatic;
				CURRENT_PROJECT_VERSION = 1;
				DEVELOPMENT_TEAM = 6AABZ45T5H;
				GENERATE_INFOPLIST_FILE = YES;
				IPHONEOS_DEPLOYMENT_TARGET = 17.2;
				MACOSX_DEPLOYMENT_TARGET = 14.2;
				MARKETING_VERSION = 1.0;
				PRODUCT_BUNDLE_IDENTIFIER = design.subcreation.TodoCoreDataExampleUITests;
				PRODUCT_NAME = "$(TARGET_NAME)";
				SDKROOT = auto;
				SUPPORTED_PLATFORMS = "iphoneos iphonesimulator macosx";
				SWIFT_EMIT_LOC_STRINGS = NO;
				SWIFT_VERSION = 5.0;
				TARGETED_DEVICE_FAMILY = "1,2";
				TEST_TARGET_NAME = TodoCoreDataExample;
			};
			name = Debug;
		};
		B29AB4F62C15FDDF007B4069 /* Release */ = {
			isa = XCBuildConfiguration;
			buildSettings = {
				ALWAYS_EMBED_SWIFT_STANDARD_LIBRARIES = YES;
				CODE_SIGN_STYLE = Automatic;
				CURRENT_PROJECT_VERSION = 1;
				DEVELOPMENT_TEAM = 6AABZ45T5H;
				GENERATE_INFOPLIST_FILE = YES;
				IPHONEOS_DEPLOYMENT_TARGET = 17.2;
				MACOSX_DEPLOYMENT_TARGET = 14.2;
				MARKETING_VERSION = 1.0;
				PRODUCT_BUNDLE_IDENTIFIER = design.subcreation.TodoCoreDataExampleUITests;
				PRODUCT_NAME = "$(TARGET_NAME)";
				SDKROOT = auto;
				SUPPORTED_PLATFORMS = "iphoneos iphonesimulator macosx";
				SWIFT_EMIT_LOC_STRINGS = NO;
				SWIFT_VERSION = 5.0;
				TARGETED_DEVICE_FAMILY = "1,2";
				TEST_TARGET_NAME = TodoCoreDataExample;
			};
			name = Release;
		};
/* End XCBuildConfiguration section */

/* Begin XCConfigurationList section */
		B29AB4BF2C15FDDD007B4069 /* Build configuration list for PBXProject "TodoCoreDataExample" */ = {
			isa = XCConfigurationList;
			buildConfigurations = (
				B29AB4EC2C15FDDF007B4069 /* Debug */,
				B29AB4ED2C15FDDF007B4069 /* Release */,
			);
			defaultConfigurationIsVisible = 0;
			defaultConfigurationName = Release;
		};
		B29AB4EE2C15FDDF007B4069 /* Build configuration list for PBXNativeTarget "TodoCoreDataExample" */ = {
			isa = XCConfigurationList;
			buildConfigurations = (
				B29AB4EF2C15FDDF007B4069 /* Debug */,
				B29AB4F02C15FDDF007B4069 /* Release */,
			);
			defaultConfigurationIsVisible = 0;
			defaultConfigurationName = Release;
		};
		B29AB4F12C15FDDF007B4069 /* Build configuration list for PBXNativeTarget "TodoCoreDataExampleTests" */ = {
			isa = XCConfigurationList;
			buildConfigurations = (
				B29AB4F22C15FDDF007B4069 /* Debug */,
				B29AB4F32C15FDDF007B4069 /* Release */,
			);
			defaultConfigurationIsVisible = 0;
			defaultConfigurationName = Release;
		};
		B29AB4F42C15FDDF007B4069 /* Build configuration list for PBXNativeTarget "TodoCoreDataExampleUITests" */ = {
			isa = XCConfigurationList;
			buildConfigurations = (
				B29AB4F52C15FDDF007B4069 /* Debug */,
				B29AB4F62C15FDDF007B4069 /* Release */,
			);
			defaultConfigurationIsVisible = 0;
			defaultConfigurationName = Release;
		};
/* End XCConfigurationList section */

/* Begin XCVersionGroup section */
		B29AB4CB2C15FDDD007B4069 /* TodoCoreDataExample.xcdatamodeld */ = {
			isa = XCVersionGroup;
			children = (
				B29AB4CC2C15FDDD007B4069 /* TodoCoreDataExample.xcdatamodel */,
			);
			currentVersion = B29AB4CC2C15FDDD007B4069 /* TodoCoreDataExample.xcdatamodel */;
			path = TodoCoreDataExample.xcdatamodeld;
			sourceTree = "<group>";
			versionGroupType = wrapper.xcdatamodel;
		};
/* End XCVersionGroup section */
	};
	rootObject = B29AB4BC2C15FDDD007B4069 /* Project object */;
}
